// !$*UTF8*$!
{
	archiveVersion = 1;
	classes = {
	};
	objectVersion = 46;
	objects = {

/* Begin PBXBuildFile section */
		D30AD468178C25E40024B998 /* spade.png in Resources */ = {isa = PBXBuildFile; fileRef = D30AD467178C25E40024B998 /* spade.png */; };
		D30AD46B178C27940024B998 /* GameResultViewController.m in Sources */ = {isa = PBXBuildFile; fileRef = D30AD46A178C27940024B998 /* GameResultViewController.m */; };
		D30AD46E178C325E0024B998 /* GameResult.m in Sources */ = {isa = PBXBuildFile; fileRef = D30AD46D178C325E0024B998 /* GameResult.m */; };
		D34CDA9716F478FE0005C8AC /* UIKit.framework in Frameworks */ = {isa = PBXBuildFile; fileRef = D34CDA9616F478FE0005C8AC /* UIKit.framework */; };
		D34CDA9916F478FE0005C8AC /* Foundation.framework in Frameworks */ = {isa = PBXBuildFile; fileRef = D34CDA9816F478FE0005C8AC /* Foundation.framework */; };
		D34CDA9B16F478FE0005C8AC /* CoreGraphics.framework in Frameworks */ = {isa = PBXBuildFile; fileRef = D34CDA9A16F478FE0005C8AC /* CoreGraphics.framework */; };
		D34CDAA116F478FE0005C8AC /* InfoPlist.strings in Resources */ = {isa = PBXBuildFile; fileRef = D34CDA9F16F478FE0005C8AC /* InfoPlist.strings */; };
		D34CDAA316F478FF0005C8AC /* main.m in Sources */ = {isa = PBXBuildFile; fileRef = D34CDAA216F478FF0005C8AC /* main.m */; };
		D34CDAA716F478FF0005C8AC /* CardGameAppDelegate.m in Sources */ = {isa = PBXBuildFile; fileRef = D34CDAA616F478FF0005C8AC /* CardGameAppDelegate.m */; };
		D34CDAA916F478FF0005C8AC /* Default.png in Resources */ = {isa = PBXBuildFile; fileRef = D34CDAA816F478FF0005C8AC /* Default.png */; };
		D34CDAAB16F478FF0005C8AC /* Default@2x.png in Resources */ = {isa = PBXBuildFile; fileRef = D34CDAAA16F478FF0005C8AC /* Default@2x.png */; };
		D34CDAAD16F478FF0005C8AC /* Default-568h@2x.png in Resources */ = {isa = PBXBuildFile; fileRef = D34CDAAC16F478FF0005C8AC /* Default-568h@2x.png */; };
		D34CDAB016F478FF0005C8AC /* MainStoryboard.storyboard in Resources */ = {isa = PBXBuildFile; fileRef = D34CDAAE16F478FF0005C8AC /* MainStoryboard.storyboard */; };
		D34CDAB316F478FF0005C8AC /* CardGameViewController.m in Sources */ = {isa = PBXBuildFile; fileRef = D34CDAB216F478FF0005C8AC /* CardGameViewController.m */; };
		D34CDABB16F48FEE0005C8AC /* Deck.m in Sources */ = {isa = PBXBuildFile; fileRef = D34CDABA16F48FEE0005C8AC /* Deck.m */; };
		D34CDABE16F490200005C8AC /* Card.m in Sources */ = {isa = PBXBuildFile; fileRef = D34CDABD16F490200005C8AC /* Card.m */; };
		D34CDAC216F4A5210005C8AC /* PlayingCard.m in Sources */ = {isa = PBXBuildFile; fileRef = D34CDAC116F4A5210005C8AC /* PlayingCard.m */; };
		D34CDAC516F4AE7C0005C8AC /* PlayingCardDeck.m in Sources */ = {isa = PBXBuildFile; fileRef = D34CDAC416F4AE7C0005C8AC /* PlayingCardDeck.m */; };
		D34CDAC816F4DF6F0005C8AC /* CardMatchingGame.m in Sources */ = {isa = PBXBuildFile; fileRef = D34CDAC716F4DF6F0005C8AC /* CardMatchingGame.m */; };
		D37222601794E598005532AD /* cardback.png in Resources */ = {isa = PBXBuildFile; fileRef = D37222451794E598005532AD /* cardback.png */; };
		D37222611794E598005532AD /* J♠.jpg in Resources */ = {isa = PBXBuildFile; fileRef = D37222461794E598005532AD /* J♠.jpg */; };
		D37222621794E598005532AD /* J♠@2x.jpg in Resources */ = {isa = PBXBuildFile; fileRef = D37222471794E598005532AD /* J♠@2x.jpg */; };
		D37222631794E598005532AD /* J♣.jpg in Resources */ = {isa = PBXBuildFile; fileRef = D37222481794E598005532AD /* J♣.jpg */; };
		D37222641794E598005532AD /* J♣@2x.jpg in Resources */ = {isa = PBXBuildFile; fileRef = D37222491794E598005532AD /* J♣@2x.jpg */; };
		D37222651794E598005532AD /* J♥.jpg in Resources */ = {isa = PBXBuildFile; fileRef = D372224A1794E598005532AD /* J♥.jpg */; };
		D37222661794E598005532AD /* J♥@2x.jpg in Resources */ = {isa = PBXBuildFile; fileRef = D372224B1794E598005532AD /* J♥@2x.jpg */; };
		D37222671794E598005532AD /* J♦.jpg in Resources */ = {isa = PBXBuildFile; fileRef = D372224C1794E598005532AD /* J♦.jpg */; };
		D37222681794E598005532AD /* J♦@2x.jpg in Resources */ = {isa = PBXBuildFile; fileRef = D372224D1794E598005532AD /* J♦@2x.jpg */; };
		D37222691794E598005532AD /* K♠.jpg in Resources */ = {isa = PBXBuildFile; fileRef = D372224E1794E598005532AD /* K♠.jpg */; };
		D372226A1794E598005532AD /* K♠@2x.jpg in Resources */ = {isa = PBXBuildFile; fileRef = D372224F1794E598005532AD /* K♠@2x.jpg */; };
		D372226B1794E598005532AD /* K♣.jpg in Resources */ = {isa = PBXBuildFile; fileRef = D37222501794E598005532AD /* K♣.jpg */; };
		D372226C1794E598005532AD /* K♣@2x.jpg in Resources */ = {isa = PBXBuildFile; fileRef = D37222511794E598005532AD /* K♣@2x.jpg */; };
		D372226D1794E598005532AD /* K♥.jpg in Resources */ = {isa = PBXBuildFile; fileRef = D37222521794E598005532AD /* K♥.jpg */; };
		D372226E1794E598005532AD /* K♥@2x.jpg in Resources */ = {isa = PBXBuildFile; fileRef = D37222531794E598005532AD /* K♥@2x.jpg */; };
		D372226F1794E598005532AD /* K♦.jpg in Resources */ = {isa = PBXBuildFile; fileRef = D37222541794E598005532AD /* K♦.jpg */; };
		D37222701794E598005532AD /* K♦@2x.jpg in Resources */ = {isa = PBXBuildFile; fileRef = D37222551794E598005532AD /* K♦@2x.jpg */; };
		D37222711794E598005532AD /* PlayingCardView.m in Sources */ = {isa = PBXBuildFile; fileRef = D37222571794E598005532AD /* PlayingCardView.m */; };
		D37222721794E598005532AD /* Q♠.jpg in Resources */ = {isa = PBXBuildFile; fileRef = D37222581794E598005532AD /* Q♠.jpg */; };
		D37222731794E598005532AD /* Q♠@2x.jpg in Resources */ = {isa = PBXBuildFile; fileRef = D37222591794E598005532AD /* Q♠@2x.jpg */; };
		D37222741794E598005532AD /* Q♣.jpg in Resources */ = {isa = PBXBuildFile; fileRef = D372225A1794E598005532AD /* Q♣.jpg */; };
		D37222751794E598005532AD /* Q♣@2x.jpg in Resources */ = {isa = PBXBuildFile; fileRef = D372225B1794E598005532AD /* Q♣@2x.jpg */; };
		D37222761794E598005532AD /* Q♥.jpg in Resources */ = {isa = PBXBuildFile; fileRef = D372225C1794E598005532AD /* Q♥.jpg */; };
		D37222771794E598005532AD /* Q♥@2x.jpg in Resources */ = {isa = PBXBuildFile; fileRef = D372225D1794E598005532AD /* Q♥@2x.jpg */; };
		D37222781794E598005532AD /* Q♦.jpg in Resources */ = {isa = PBXBuildFile; fileRef = D372225E1794E598005532AD /* Q♦.jpg */; };
		D37222791794E598005532AD /* Q♦@2x.jpg in Resources */ = {isa = PBXBuildFile; fileRef = D372225F1794E598005532AD /* Q♦@2x.jpg */; };
		D372227D1794E78E005532AD /* PlayingCardCollectionViewCell.m in Sources */ = {isa = PBXBuildFile; fileRef = D372227C1794E78E005532AD /* PlayingCardCollectionViewCell.m */; };
		D37222801794ED23005532AD /* PlayingCardGameViewController.m in Sources */ = {isa = PBXBuildFile; fileRef = D372227F1794ED23005532AD /* PlayingCardGameViewController.m */; };
/* End PBXBuildFile section */

/* Begin PBXFileReference section */
		D30AD467178C25E40024B998 /* spade.png */ = {isa = PBXFileReference; lastKnownFileType = image.png; path = spade.png; sourceTree = "<group>"; };
		D30AD469178C27940024B998 /* GameResultViewController.h */ = {isa = PBXFileReference; fileEncoding = 4; lastKnownFileType = sourcecode.c.h; path = GameResultViewController.h; sourceTree = "<group>"; };
		D30AD46A178C27940024B998 /* GameResultViewController.m */ = {isa = PBXFileReference; fileEncoding = 4; lastKnownFileType = sourcecode.c.objc; path = GameResultViewController.m; sourceTree = "<group>"; };
		D30AD46C178C325E0024B998 /* GameResult.h */ = {isa = PBXFileReference; fileEncoding = 4; lastKnownFileType = sourcecode.c.h; path = GameResult.h; sourceTree = "<group>"; };
		D30AD46D178C325E0024B998 /* GameResult.m */ = {isa = PBXFileReference; fileEncoding = 4; lastKnownFileType = sourcecode.c.objc; path = GameResult.m; sourceTree = "<group>"; };
		D34CDA9316F478FE0005C8AC /* Matchismo.app */ = {isa = PBXFileReference; explicitFileType = wrapper.application; includeInIndex = 0; path = Matchismo.app; sourceTree = BUILT_PRODUCTS_DIR; };
		D34CDA9616F478FE0005C8AC /* UIKit.framework */ = {isa = PBXFileReference; lastKnownFileType = wrapper.framework; name = UIKit.framework; path = System/Library/Frameworks/UIKit.framework; sourceTree = SDKROOT; };
		D34CDA9816F478FE0005C8AC /* Foundation.framework */ = {isa = PBXFileReference; lastKnownFileType = wrapper.framework; name = Foundation.framework; path = System/Library/Frameworks/Foundation.framework; sourceTree = SDKROOT; };
		D34CDA9A16F478FE0005C8AC /* CoreGraphics.framework */ = {isa = PBXFileReference; lastKnownFileType = wrapper.framework; name = CoreGraphics.framework; path = System/Library/Frameworks/CoreGraphics.framework; sourceTree = SDKROOT; };
		D34CDA9E16F478FE0005C8AC /* Matchismo-Info.plist */ = {isa = PBXFileReference; lastKnownFileType = text.plist.xml; path = "Matchismo-Info.plist"; sourceTree = "<group>"; };
		D34CDAA016F478FE0005C8AC /* en */ = {isa = PBXFileReference; lastKnownFileType = text.plist.strings; name = en; path = en.lproj/InfoPlist.strings; sourceTree = "<group>"; };
		D34CDAA216F478FF0005C8AC /* main.m */ = {isa = PBXFileReference; lastKnownFileType = sourcecode.c.objc; path = main.m; sourceTree = "<group>"; };
		D34CDAA416F478FF0005C8AC /* Matchismo-Prefix.pch */ = {isa = PBXFileReference; lastKnownFileType = sourcecode.c.h; path = "Matchismo-Prefix.pch"; sourceTree = "<group>"; };
		D34CDAA516F478FF0005C8AC /* CardGameAppDelegate.h */ = {isa = PBXFileReference; lastKnownFileType = sourcecode.c.h; path = CardGameAppDelegate.h; sourceTree = "<group>"; };
		D34CDAA616F478FF0005C8AC /* CardGameAppDelegate.m */ = {isa = PBXFileReference; lastKnownFileType = sourcecode.c.objc; path = CardGameAppDelegate.m; sourceTree = "<group>"; };
		D34CDAA816F478FF0005C8AC /* Default.png */ = {isa = PBXFileReference; lastKnownFileType = image.png; path = Default.png; sourceTree = "<group>"; };
		D34CDAAA16F478FF0005C8AC /* Default@2x.png */ = {isa = PBXFileReference; lastKnownFileType = image.png; path = "Default@2x.png"; sourceTree = "<group>"; };
		D34CDAAC16F478FF0005C8AC /* Default-568h@2x.png */ = {isa = PBXFileReference; lastKnownFileType = image.png; path = "Default-568h@2x.png"; sourceTree = "<group>"; };
		D34CDAAF16F478FF0005C8AC /* en */ = {isa = PBXFileReference; lastKnownFileType = file.storyboard; name = en; path = en.lproj/MainStoryboard.storyboard; sourceTree = "<group>"; };
		D34CDAB116F478FF0005C8AC /* CardGameViewController.h */ = {isa = PBXFileReference; lastKnownFileType = sourcecode.c.h; path = CardGameViewController.h; sourceTree = "<group>"; };
		D34CDAB216F478FF0005C8AC /* CardGameViewController.m */ = {isa = PBXFileReference; lastKnownFileType = sourcecode.c.objc; path = CardGameViewController.m; sourceTree = "<group>"; };
		D34CDAB916F48FEE0005C8AC /* Deck.h */ = {isa = PBXFileReference; fileEncoding = 4; lastKnownFileType = sourcecode.c.h; name = Deck.h; path = Model/Deck.h; sourceTree = "<group>"; };
		D34CDABA16F48FEE0005C8AC /* Deck.m */ = {isa = PBXFileReference; fileEncoding = 4; lastKnownFileType = sourcecode.c.objc; name = Deck.m; path = Model/Deck.m; sourceTree = "<group>"; };
		D34CDABC16F490200005C8AC /* Card.h */ = {isa = PBXFileReference; fileEncoding = 4; lastKnownFileType = sourcecode.c.h; name = Card.h; path = Model/Card.h; sourceTree = "<group>"; };
		D34CDABD16F490200005C8AC /* Card.m */ = {isa = PBXFileReference; fileEncoding = 4; lastKnownFileType = sourcecode.c.objc; name = Card.m; path = Model/Card.m; sourceTree = "<group>"; };
		D34CDAC016F4A5210005C8AC /* PlayingCard.h */ = {isa = PBXFileReference; fileEncoding = 4; lastKnownFileType = sourcecode.c.h; name = PlayingCard.h; path = Model/PlayingCard.h; sourceTree = "<group>"; };
		D34CDAC116F4A5210005C8AC /* PlayingCard.m */ = {isa = PBXFileReference; fileEncoding = 4; lastKnownFileType = sourcecode.c.objc; name = PlayingCard.m; path = Model/PlayingCard.m; sourceTree = "<group>"; };
		D34CDAC316F4AE7C0005C8AC /* PlayingCardDeck.h */ = {isa = PBXFileReference; fileEncoding = 4; lastKnownFileType = sourcecode.c.h; name = PlayingCardDeck.h; path = Model/PlayingCardDeck.h; sourceTree = "<group>"; };
		D34CDAC416F4AE7C0005C8AC /* PlayingCardDeck.m */ = {isa = PBXFileReference; fileEncoding = 4; lastKnownFileType = sourcecode.c.objc; name = PlayingCardDeck.m; path = Model/PlayingCardDeck.m; sourceTree = "<group>"; };
		D34CDAC616F4DF6F0005C8AC /* CardMatchingGame.h */ = {isa = PBXFileReference; fileEncoding = 4; lastKnownFileType = sourcecode.c.h; name = CardMatchingGame.h; path = Model/CardMatchingGame.h; sourceTree = "<group>"; };
		D34CDAC716F4DF6F0005C8AC /* CardMatchingGame.m */ = {isa = PBXFileReference; fileEncoding = 4; lastKnownFileType = sourcecode.c.objc; name = CardMatchingGame.m; path = Model/CardMatchingGame.m; sourceTree = "<group>"; };
		D37222451794E598005532AD /* cardback.png */ = {isa = PBXFileReference; lastKnownFileType = image.png; path = cardback.png; sourceTree = "<group>"; };
		D37222461794E598005532AD /* J♠.jpg */ = {isa = PBXFileReference; lastKnownFileType = image.jpeg; path = "J♠.jpg"; sourceTree = "<group>"; };
		D37222471794E598005532AD /* J♠@2x.jpg */ = {isa = PBXFileReference; lastKnownFileType = image.jpeg; path = "J♠@2x.jpg"; sourceTree = "<group>"; };
		D37222481794E598005532AD /* J♣.jpg */ = {isa = PBXFileReference; lastKnownFileType = image.jpeg; path = "J♣.jpg"; sourceTree = "<group>"; };
		D37222491794E598005532AD /* J♣@2x.jpg */ = {isa = PBXFileReference; lastKnownFileType = image.jpeg; path = "J♣@2x.jpg"; sourceTree = "<group>"; };
		D372224A1794E598005532AD /* J♥.jpg */ = {isa = PBXFileReference; lastKnownFileType = image.jpeg; path = "J♥.jpg"; sourceTree = "<group>"; };
		D372224B1794E598005532AD /* J♥@2x.jpg */ = {isa = PBXFileReference; lastKnownFileType = image.jpeg; path = "J♥@2x.jpg"; sourceTree = "<group>"; };
		D372224C1794E598005532AD /* J♦.jpg */ = {isa = PBXFileReference; lastKnownFileType = image.jpeg; path = "J♦.jpg"; sourceTree = "<group>"; };
		D372224D1794E598005532AD /* J♦@2x.jpg */ = {isa = PBXFileReference; lastKnownFileType = image.jpeg; path = "J♦@2x.jpg"; sourceTree = "<group>"; };
		D372224E1794E598005532AD /* K♠.jpg */ = {isa = PBXFileReference; lastKnownFileType = image.jpeg; path = "K♠.jpg"; sourceTree = "<group>"; };
		D372224F1794E598005532AD /* K♠@2x.jpg */ = {isa = PBXFileReference; lastKnownFileType = image.jpeg; path = "K♠@2x.jpg"; sourceTree = "<group>"; };
		D37222501794E598005532AD /* K♣.jpg */ = {isa = PBXFileReference; lastKnownFileType = image.jpeg; path = "K♣.jpg"; sourceTree = "<group>"; };
		D37222511794E598005532AD /* K♣@2x.jpg */ = {isa = PBXFileReference; lastKnownFileType = image.jpeg; path = "K♣@2x.jpg"; sourceTree = "<group>"; };
		D37222521794E598005532AD /* K♥.jpg */ = {isa = PBXFileReference; lastKnownFileType = image.jpeg; path = "K♥.jpg"; sourceTree = "<group>"; };
		D37222531794E598005532AD /* K♥@2x.jpg */ = {isa = PBXFileReference; lastKnownFileType = image.jpeg; path = "K♥@2x.jpg"; sourceTree = "<group>"; };
		D37222541794E598005532AD /* K♦.jpg */ = {isa = PBXFileReference; lastKnownFileType = image.jpeg; path = "K♦.jpg"; sourceTree = "<group>"; };
		D37222551794E598005532AD /* K♦@2x.jpg */ = {isa = PBXFileReference; lastKnownFileType = image.jpeg; path = "K♦@2x.jpg"; sourceTree = "<group>"; };
		D37222561794E598005532AD /* PlayingCardView.h */ = {isa = PBXFileReference; fileEncoding = 4; lastKnownFileType = sourcecode.c.h; path = PlayingCardView.h; sourceTree = "<group>"; };
		D37222571794E598005532AD /* PlayingCardView.m */ = {isa = PBXFileReference; fileEncoding = 4; lastKnownFileType = sourcecode.c.objc; path = PlayingCardView.m; sourceTree = "<group>"; };
		D37222581794E598005532AD /* Q♠.jpg */ = {isa = PBXFileReference; lastKnownFileType = image.jpeg; path = "Q♠.jpg"; sourceTree = "<group>"; };
		D37222591794E598005532AD /* Q♠@2x.jpg */ = {isa = PBXFileReference; lastKnownFileType = image.jpeg; path = "Q♠@2x.jpg"; sourceTree = "<group>"; };
		D372225A1794E598005532AD /* Q♣.jpg */ = {isa = PBXFileReference; lastKnownFileType = image.jpeg; path = "Q♣.jpg"; sourceTree = "<group>"; };
		D372225B1794E598005532AD /* Q♣@2x.jpg */ = {isa = PBXFileReference; lastKnownFileType = image.jpeg; path = "Q♣@2x.jpg"; sourceTree = "<group>"; };
		D372225C1794E598005532AD /* Q♥.jpg */ = {isa = PBXFileReference; lastKnownFileType = image.jpeg; path = "Q♥.jpg"; sourceTree = "<group>"; };
		D372225D1794E598005532AD /* Q♥@2x.jpg */ = {isa = PBXFileReference; lastKnownFileType = image.jpeg; path = "Q♥@2x.jpg"; sourceTree = "<group>"; };
		D372225E1794E598005532AD /* Q♦.jpg */ = {isa = PBXFileReference; lastKnownFileType = image.jpeg; path = "Q♦.jpg"; sourceTree = "<group>"; };
		D372225F1794E598005532AD /* Q♦@2x.jpg */ = {isa = PBXFileReference; lastKnownFileType = image.jpeg; path = "Q♦@2x.jpg"; sourceTree = "<group>"; };
		D372227B1794E78E005532AD /* PlayingCardCollectionViewCell.h */ = {isa = PBXFileReference; fileEncoding = 4; lastKnownFileType = sourcecode.c.h; path = PlayingCardCollectionViewCell.h; sourceTree = "<group>"; };
		D372227C1794E78E005532AD /* PlayingCardCollectionViewCell.m */ = {isa = PBXFileReference; fileEncoding = 4; lastKnownFileType = sourcecode.c.objc; path = PlayingCardCollectionViewCell.m; sourceTree = "<group>"; };
		D372227E1794ED23005532AD /* PlayingCardGameViewController.h */ = {isa = PBXFileReference; fileEncoding = 4; lastKnownFileType = sourcecode.c.h; path = PlayingCardGameViewController.h; sourceTree = "<group>"; };
		D372227F1794ED23005532AD /* PlayingCardGameViewController.m */ = {isa = PBXFileReference; fileEncoding = 4; lastKnownFileType = sourcecode.c.objc; path = PlayingCardGameViewController.m; sourceTree = "<group>"; };
/* End PBXFileReference section */

/* Begin PBXFrameworksBuildPhase section */
		D34CDA9016F478FE0005C8AC /* Frameworks */ = {
			isa = PBXFrameworksBuildPhase;
			buildActionMask = 2147483647;
			files = (
				D34CDA9716F478FE0005C8AC /* UIKit.framework in Frameworks */,
				D34CDA9916F478FE0005C8AC /* Foundation.framework in Frameworks */,
				D34CDA9B16F478FE0005C8AC /* CoreGraphics.framework in Frameworks */,
			);
			runOnlyForDeploymentPostprocessing = 0;
		};
/* End PBXFrameworksBuildPhase section */

/* Begin PBXGroup section */
		D34CDA8A16F478FE0005C8AC = {
			isa = PBXGroup;
			children = (
				D34CDA9C16F478FE0005C8AC /* Matchismo */,
				D34CDA9516F478FE0005C8AC /* Frameworks */,
				D34CDA9416F478FE0005C8AC /* Products */,
			);
			sourceTree = "<group>";
		};
		D34CDA9416F478FE0005C8AC /* Products */ = {
			isa = PBXGroup;
			children = (
				D34CDA9316F478FE0005C8AC /* Matchismo.app */,
			);
			name = Products;
			sourceTree = "<group>";
		};
		D34CDA9516F478FE0005C8AC /* Frameworks */ = {
			isa = PBXGroup;
			children = (
				D34CDA9616F478FE0005C8AC /* UIKit.framework */,
				D34CDA9816F478FE0005C8AC /* Foundation.framework */,
				D34CDA9A16F478FE0005C8AC /* CoreGraphics.framework */,
			);
			name = Frameworks;
			sourceTree = "<group>";
		};
		D34CDA9C16F478FE0005C8AC /* Matchismo */ = {
			isa = PBXGroup;
			children = (
				D34CDABF16F490440005C8AC /* Model */,
				D34CDAAE16F478FF0005C8AC /* MainStoryboard.storyboard */,
				D34CDAB116F478FF0005C8AC /* CardGameViewController.h */,
				D34CDAB216F478FF0005C8AC /* CardGameViewController.m */,
				D30AD46C178C325E0024B998 /* GameResult.h */,
				D30AD46D178C325E0024B998 /* GameResult.m */,
				D30AD469178C27940024B998 /* GameResultViewController.h */,
				D30AD46A178C27940024B998 /* GameResultViewController.m */,
				D37222561794E598005532AD /* PlayingCardView.h */,
				D37222571794E598005532AD /* PlayingCardView.m */,
				D372227B1794E78E005532AD /* PlayingCardCollectionViewCell.h */,
				D372227C1794E78E005532AD /* PlayingCardCollectionViewCell.m */,
				D372227E1794ED23005532AD /* PlayingCardGameViewController.h */,
				D372227F1794ED23005532AD /* PlayingCardGameViewController.m */,
				D34CDA9D16F478FE0005C8AC /* Supporting Files */,
			);
			path = Matchismo;
			sourceTree = "<group>";
		};
		D34CDA9D16F478FE0005C8AC /* Supporting Files */ = {
			isa = PBXGroup;
			children = (
				D37222451794E598005532AD /* cardback.png */,
				D372227A1794E6E1005532AD /* Face Card Images */,
				D30AD467178C25E40024B998 /* spade.png */,
				D34CDAA516F478FF0005C8AC /* CardGameAppDelegate.h */,
				D34CDAA616F478FF0005C8AC /* CardGameAppDelegate.m */,
				D34CDA9E16F478FE0005C8AC /* Matchismo-Info.plist */,
				D34CDA9F16F478FE0005C8AC /* InfoPlist.strings */,
				D34CDAA216F478FF0005C8AC /* main.m */,
				D34CDAA416F478FF0005C8AC /* Matchismo-Prefix.pch */,
				D34CDAA816F478FF0005C8AC /* Default.png */,
				D34CDAAA16F478FF0005C8AC /* Default@2x.png */,
				D34CDAAC16F478FF0005C8AC /* Default-568h@2x.png */,
			);
			name = "Supporting Files";
			sourceTree = "<group>";
		};
		D34CDABF16F490440005C8AC /* Model */ = {
			isa = PBXGroup;
			children = (
				D34CDABC16F490200005C8AC /* Card.h */,
				D34CDABD16F490200005C8AC /* Card.m */,
				D34CDAB916F48FEE0005C8AC /* Deck.h */,
				D34CDABA16F48FEE0005C8AC /* Deck.m */,
				D34CDAC016F4A5210005C8AC /* PlayingCard.h */,
				D34CDAC116F4A5210005C8AC /* PlayingCard.m */,
				D34CDAC316F4AE7C0005C8AC /* PlayingCardDeck.h */,
				D34CDAC416F4AE7C0005C8AC /* PlayingCardDeck.m */,
				D34CDAC616F4DF6F0005C8AC /* CardMatchingGame.h */,
				D34CDAC716F4DF6F0005C8AC /* CardMatchingGame.m */,
			);
			name = Model;
			sourceTree = "<group>";
		};
		D372227A1794E6E1005532AD /* Face Card Images */ = {
			isa = PBXGroup;
			children = (
				D37222461794E598005532AD /* J♠.jpg */,
				D37222471794E598005532AD /* J♠@2x.jpg */,
				D37222481794E598005532AD /* J♣.jpg */,
				D37222491794E598005532AD /* J♣@2x.jpg */,
				D372224A1794E598005532AD /* J♥.jpg */,
				D372224B1794E598005532AD /* J♥@2x.jpg */,
				D372224C1794E598005532AD /* J♦.jpg */,
				D372224D1794E598005532AD /* J♦@2x.jpg */,
				D372224E1794E598005532AD /* K♠.jpg */,
				D372224F1794E598005532AD /* K♠@2x.jpg */,
				D37222501794E598005532AD /* K♣.jpg */,
				D37222511794E598005532AD /* K♣@2x.jpg */,
				D37222521794E598005532AD /* K♥.jpg */,
				D37222531794E598005532AD /* K♥@2x.jpg */,
				D37222541794E598005532AD /* K♦.jpg */,
				D37222551794E598005532AD /* K♦@2x.jpg */,
				D37222581794E598005532AD /* Q♠.jpg */,
				D37222591794E598005532AD /* Q♠@2x.jpg */,
				D372225A1794E598005532AD /* Q♣.jpg */,
				D372225B1794E598005532AD /* Q♣@2x.jpg */,
				D372225C1794E598005532AD /* Q♥.jpg */,
				D372225D1794E598005532AD /* Q♥@2x.jpg */,
				D372225E1794E598005532AD /* Q♦.jpg */,
				D372225F1794E598005532AD /* Q♦@2x.jpg */,
			);
			name = "Face Card Images";
			sourceTree = "<group>";
		};
/* End PBXGroup section */

/* Begin PBXNativeTarget section */
		D34CDA9216F478FE0005C8AC /* Matchismo */ = {
			isa = PBXNativeTarget;
			buildConfigurationList = D34CDAB616F478FF0005C8AC /* Build configuration list for PBXNativeTarget "Matchismo" */;
			buildPhases = (
				D34CDA8F16F478FE0005C8AC /* Sources */,
				D34CDA9016F478FE0005C8AC /* Frameworks */,
				D34CDA9116F478FE0005C8AC /* Resources */,
			);
			buildRules = (
			);
			dependencies = (
			);
			name = Matchismo;
			productName = Matchismo;
			productReference = D34CDA9316F478FE0005C8AC /* Matchismo.app */;
			productType = "com.apple.product-type.application";
		};
/* End PBXNativeTarget section */

/* Begin PBXProject section */
		D34CDA8B16F478FE0005C8AC /* Project object */ = {
			isa = PBXProject;
			attributes = {
				CLASSPREFIX = CardGame;
				LastUpgradeCheck = 0460;
				ORGANIZATIONNAME = "Richard Ting";
			};
			buildConfigurationList = D34CDA8E16F478FE0005C8AC /* Build configuration list for PBXProject "Matchismo" */;
			compatibilityVersion = "Xcode 3.2";
			developmentRegion = English;
			hasScannedForEncodings = 0;
			knownRegions = (
				en,
			);
			mainGroup = D34CDA8A16F478FE0005C8AC;
			productRefGroup = D34CDA9416F478FE0005C8AC /* Products */;
			projectDirPath = "";
			projectRoot = "";
			targets = (
				D34CDA9216F478FE0005C8AC /* Matchismo */,
			);
		};
/* End PBXProject section */

/* Begin PBXResourcesBuildPhase section */
		D34CDA9116F478FE0005C8AC /* Resources */ = {
			isa = PBXResourcesBuildPhase;
			buildActionMask = 2147483647;
			files = (
				D34CDAA116F478FE0005C8AC /* InfoPlist.strings in Resources */,
				D34CDAA916F478FF0005C8AC /* Default.png in Resources */,
				D34CDAAB16F478FF0005C8AC /* Default@2x.png in Resources */,
				D34CDAAD16F478FF0005C8AC /* Default-568h@2x.png in Resources */,
				D34CDAB016F478FF0005C8AC /* MainStoryboard.storyboard in Resources */,
				D30AD468178C25E40024B998 /* spade.png in Resources */,
				D37222601794E598005532AD /* cardback.png in Resources */,
				D37222611794E598005532AD /* J♠.jpg in Resources */,
				D37222621794E598005532AD /* J♠@2x.jpg in Resources */,
				D37222631794E598005532AD /* J♣.jpg in Resources */,
				D37222641794E598005532AD /* J♣@2x.jpg in Resources */,
				D37222651794E598005532AD /* J♥.jpg in Resources */,
				D37222661794E598005532AD /* J♥@2x.jpg in Resources */,
				D37222671794E598005532AD /* J♦.jpg in Resources */,
				D37222681794E598005532AD /* J♦@2x.jpg in Resources */,
				D37222691794E598005532AD /* K♠.jpg in Resources */,
				D372226A1794E598005532AD /* K♠@2x.jpg in Resources */,
				D372226B1794E598005532AD /* K♣.jpg in Resources */,
				D372226C1794E598005532AD /* K♣@2x.jpg in Resources */,
				D372226D1794E598005532AD /* K♥.jpg in Resources */,
				D372226E1794E598005532AD /* K♥@2x.jpg in Resources */,
				D372226F1794E598005532AD /* K♦.jpg in Resources */,
				D37222701794E598005532AD /* K♦@2x.jpg in Resources */,
				D37222721794E598005532AD /* Q♠.jpg in Resources */,
				D37222731794E598005532AD /* Q♠@2x.jpg in Resources */,
				D37222741794E598005532AD /* Q♣.jpg in Resources */,
				D37222751794E598005532AD /* Q♣@2x.jpg in Resources */,
				D37222761794E598005532AD /* Q♥.jpg in Resources */,
				D37222771794E598005532AD /* Q♥@2x.jpg in Resources */,
				D37222781794E598005532AD /* Q♦.jpg in Resources */,
				D37222791794E598005532AD /* Q♦@2x.jpg in Resources */,
			);
			runOnlyForDeploymentPostprocessing = 0;
		};
/* End PBXResourcesBuildPhase section */

/* Begin PBXSourcesBuildPhase section */
		D34CDA8F16F478FE0005C8AC /* Sources */ = {
			isa = PBXSourcesBuildPhase;
			buildActionMask = 2147483647;
			files = (
				D34CDAA316F478FF0005C8AC /* main.m in Sources */,
				D34CDAA716F478FF0005C8AC /* CardGameAppDelegate.m in Sources */,
				D34CDAB316F478FF0005C8AC /* CardGameViewController.m in Sources */,
				D34CDABB16F48FEE0005C8AC /* Deck.m in Sources */,
				D34CDABE16F490200005C8AC /* Card.m in Sources */,
				D34CDAC216F4A5210005C8AC /* PlayingCard.m in Sources */,
				D34CDAC516F4AE7C0005C8AC /* PlayingCardDeck.m in Sources */,
				D34CDAC816F4DF6F0005C8AC /* CardMatchingGame.m in Sources */,
				D30AD46B178C27940024B998 /* GameResultViewController.m in Sources */,
				D30AD46E178C325E0024B998 /* GameResult.m in Sources */,
				D37222711794E598005532AD /* PlayingCardView.m in Sources */,
				D372227D1794E78E005532AD /* PlayingCardCollectionViewCell.m in Sources */,
				D37222801794ED23005532AD /* PlayingCardGameViewController.m in Sources */,
			);
			runOnlyForDeploymentPostprocessing = 0;
		};
/* End PBXSourcesBuildPhase section */

/* Begin PBXVariantGroup section */
		D34CDA9F16F478FE0005C8AC /* InfoPlist.strings */ = {
			isa = PBXVariantGroup;
			children = (
				D34CDAA016F478FE0005C8AC /* en */,
			);
			name = InfoPlist.strings;
			sourceTree = "<group>";
		};
		D34CDAAE16F478FF0005C8AC /* MainStoryboard.storyboard */ = {
			isa = PBXVariantGroup;
			children = (
				D34CDAAF16F478FF0005C8AC /* en */,
			);
			name = MainStoryboard.storyboard;
			sourceTree = "<group>";
		};
/* End PBXVariantGroup section */

/* Begin XCBuildConfiguration section */
		D34CDAB416F478FF0005C8AC /* Debug */ = {
			isa = XCBuildConfiguration;
			buildSettings = {
				ALWAYS_SEARCH_USER_PATHS = NO;
				CLANG_CXX_LANGUAGE_STANDARD = "gnu++0x";
				CLANG_CXX_LIBRARY = "libc++";
				CLANG_ENABLE_OBJC_ARC = YES;
				CLANG_WARN_CONSTANT_CONVERSION = YES;
				CLANG_WARN_EMPTY_BODY = YES;
				CLANG_WARN_ENUM_CONVERSION = YES;
				CLANG_WARN_INT_CONVERSION = YES;
				CLANG_WARN__DUPLICATE_METHOD_MATCH = YES;
				"CODE_SIGN_IDENTITY[sdk=iphoneos*]" = "iPhone Developer";
				COPY_PHASE_STRIP = NO;
				GCC_C_LANGUAGE_STANDARD = gnu99;
				GCC_DYNAMIC_NO_PIC = NO;
				GCC_OPTIMIZATION_LEVEL = 0;
				GCC_PREPROCESSOR_DEFINITIONS = (
					"DEBUG=1",
					"$(inherited)",
				);
				GCC_SYMBOLS_PRIVATE_EXTERN = NO;
				GCC_WARN_ABOUT_RETURN_TYPE = YES;
				GCC_WARN_UNINITIALIZED_AUTOS = YES;
				GCC_WARN_UNUSED_VARIABLE = YES;
				IPHONEOS_DEPLOYMENT_TARGET = 6.1;
				ONLY_ACTIVE_ARCH = YES;
				SDKROOT = iphoneos;
			};
			name = Debug;
		};
		D34CDAB516F478FF0005C8AC /* Release */ = {
			isa = XCBuildConfiguration;
			buildSettings = {
				ALWAYS_SEARCH_USER_PATHS = NO;
				CLANG_CXX_LANGUAGE_STANDARD = "gnu++0x";
				CLANG_CXX_LIBRARY = "libc++";
				CLANG_ENABLE_OBJC_ARC = YES;
				CLANG_WARN_CONSTANT_CONVERSION = YES;
				CLANG_WARN_EMPTY_BODY = YES;
				CLANG_WARN_ENUM_CONVERSION = YES;
				CLANG_WARN_INT_CONVERSION = YES;
				CLANG_WARN__DUPLICATE_METHOD_MATCH = YES;
				"CODE_SIGN_IDENTITY[sdk=iphoneos*]" = "iPhone Developer";
				COPY_PHASE_STRIP = YES;
				GCC_C_LANGUAGE_STANDARD = gnu99;
				GCC_WARN_ABOUT_RETURN_TYPE = YES;
				GCC_WARN_UNINITIALIZED_AUTOS = YES;
				GCC_WARN_UNUSED_VARIABLE = YES;
				IPHONEOS_DEPLOYMENT_TARGET = 6.1;
				OTHER_CFLAGS = "-DNS_BLOCK_ASSERTIONS=1";
				SDKROOT = iphoneos;
				VALIDATE_PRODUCT = YES;
			};
			name = Release;
		};
		D34CDAB716F478FF0005C8AC /* Debug */ = {
			isa = XCBuildConfiguration;
			buildSettings = {
				GCC_PRECOMPILE_PREFIX_HEADER = YES;
				GCC_PREFIX_HEADER = "Matchismo/Matchismo-Prefix.pch";
				INFOPLIST_FILE = "Matchismo/Matchismo-Info.plist";
				PRODUCT_NAME = "$(TARGET_NAME)";
				WRAPPER_EXTENSION = app;
			};
			name = Debug;
		};
		D34CDAB816F478FF0005C8AC /* Release */ = {
			isa = XCBuildConfiguration;
			buildSettings = {
				GCC_PRECOMPILE_PREFIX_HEADER = YES;
				GCC_PREFIX_HEADER = "Matchismo/Matchismo-Prefix.pch";
				INFOPLIST_FILE = "Matchismo/Matchismo-Info.plist";
				PRODUCT_NAME = "$(TARGET_NAME)";
				WRAPPER_EXTENSION = app;
			};
			name = Release;
		};
/* End XCBuildConfiguration section */

/* Begin XCConfigurationList section */
		D34CDA8E16F478FE0005C8AC /* Build configuration list for PBXProject "Matchismo" */ = {
			isa = XCConfigurationList;
			buildConfigurations = (
				D34CDAB416F478FF0005C8AC /* Debug */,
				D34CDAB516F478FF0005C8AC /* Release */,
			);
			defaultConfigurationIsVisible = 0;
			defaultConfigurationName = Release;
		};
		D34CDAB616F478FF0005C8AC /* Build configuration list for PBXNativeTarget "Matchismo" */ = {
			isa = XCConfigurationList;
			buildConfigurations = (
				D34CDAB716F478FF0005C8AC /* Debug */,
				D34CDAB816F478FF0005C8AC /* Release */,
			);
			defaultConfigurationIsVisible = 0;
			defaultConfigurationName = Release;
		};
/* End XCConfigurationList section */
	};
	rootObject = D34CDA8B16F478FE0005C8AC /* Project object */;
}
